
Microsoft Visual Studio Solution File, Format Version 12.00
# Visual Studio Version 17
VisualStudioVersion = 17.9.34714.143
MinimumVisualStudioVersion = 10.0.40219.1
Project("{9A19103F-16F7-4668-BE54-9A1E7A4F7556}") = "BSSlurper.CLI", "BSSlurper.CLI\BSSlurper.CLI.csproj", "{D04E4A47-3435-4173-A5B7-A4C14D9C5A22}"
EndProject
Project("{9A19103F-16F7-4668-BE54-9A1E7A4F7556}") = "BSSlurper.Core", "BSSlurper.Core\BSSlurper.Core.csproj", "{938375A1-372F-498C-9A60-76C296ABFDAD}"
EndProject
Global
	GlobalSection(SolutionConfigurationPlatforms) = preSolution
		Debug|Any CPU = Debug|Any CPU
		Debug|x64 = Debug|x64
		Release|Any CPU = Release|Any CPU
		Release|x64 = Release|x64
	EndGlobalSection
	GlobalSection(ProjectConfigurationPlatforms) = postSolution
		{D04E4A47-3435-4173-A5B7-A4C14D9C5A22}.Debug|Any CPU.ActiveCfg = Debug|Any CPU
		{D04E4A47-3435-4173-A5B7-A4C14D9C5A22}.Debug|Any CPU.Build.0 = Debug|Any CPU
		{D04E4A47-3435-4173-A5B7-A4C14D9C5A22}.Debug|x64.ActiveCfg = Debug|x64
		{D04E4A47-3435-4173-A5B7-A4C14D9C5A22}.Debug|x64.Build.0 = Debug|x64
		{D04E4A47-3435-4173-A5B7-A4C14D9C5A22}.Release|Any CPU.ActiveCfg = Release|Any CPU
		{D04E4A47-3435-4173-A5B7-A4C14D9C5A22}.Release|Any CPU.Build.0 = Release|Any CPU
		{D04E4A47-3435-4173-A5B7-A4C14D9C5A22}.Release|x64.ActiveCfg = Release|x64
		{D04E4A47-3435-4173-A5B7-A4C14D9C5A22}.Release|x64.Build.0 = Release|x64
		{938375A1-372F-498C-9A60-76C296ABFDAD}.Debug|Any CPU.ActiveCfg = Debug|Any CPU
		{938375A1-372F-498C-9A60-76C296ABFDAD}.Debug|Any CPU.Build.0 = Debug|Any CPU
		{938375A1-372F-498C-9A60-76C296ABFDAD}.Debug|x64.ActiveCfg = Debug|x64
		{938375A1-372F-498C-9A60-76C296ABFDAD}.Debug|x64.Build.0 = Debug|x64
		{938375A1-372F-498C-9A60-76C296ABFDAD}.Release|Any CPU.ActiveCfg = Release|Any CPU
		{938375A1-372F-498C-9A60-76C296ABFDAD}.Release|Any CPU.Build.0 = Release|Any CPU
		{938375A1-372F-498C-9A60-76C296ABFDAD}.Release|x64.ActiveCfg = Release|x64
		{938375A1-372F-498C-9A60-76C296ABFDAD}.Release|x64.Build.0 = Release|x64
	EndGlobalSection
	GlobalSection(SolutionProperties) = preSolution
		HideSolutionNode = FALSE
	EndGlobalSection
	GlobalSection(ExtensibilityGlobals) = postSolution
		SolutionGuid = {39E589A6-0879-4ED2-9D38-E6754F39624E}
	EndGlobalSection
EndGlobal
